
Microsoft Visual Studio Solution File, Format Version 12.00
# Visual Studio 15
VisualStudioVersion = 15.0.27130.0
MinimumVisualStudioVersion = 10.0.40219.1
Project("{FAE04EC0-301F-11D3-BF4B-00C04F79EFBC}") = "WindowsFormsApp11", "WindowsFormsApp11\WindowsFormsApp11.csproj", "{0A7D7BB3-7222-474E-B9CF-EC5AF2BE1DEE}"
EndProject
Global
	GlobalSection(SolutionConfigurationPlatforms) = preSolution
		Debug|Any CPU = Debug|Any CPU
		Release|Any CPU = Release|Any CPU
	EndGlobalSection
	GlobalSection(ProjectConfigurationPlatforms) = postSolution
		{0A7D7BB3-7222-474E-B9CF-EC5AF2BE1DEE}.Debug|Any CPU.ActiveCfg = Debug|Any CPU
		{0A7D7BB3-7222-474E-B9CF-EC5AF2BE1DEE}.Debug|Any CPU.Build.0 = Debug|Any CPU
		{0A7D7BB3-7222-474E-B9CF-EC5AF2BE1DEE}.Release|Any CPU.ActiveCfg = Release|Any CPU
		{0A7D7BB3-7222-474E-B9CF-EC5AF2BE1DEE}.Release|Any CPU.Build.0 = Release|Any CPU
	EndGlobalSection
	GlobalSection(SolutionProperties) = preSolution
		HideSolutionNode = FALSE
	EndGlobalSection
	GlobalSection(ExtensibilityGlobals) = postSolution
		SolutionGuid = {30E6E03D-C9A2-4ECB-9F9E-E22B9D654E0C}
	EndGlobalSection
EndGlobal
